
Microsoft Visual Studio Solution File, Format Version 12.00
# Visual Studio 15
VisualStudioVersion = 15.0.27703.2035
MinimumVisualStudioVersion = 10.0.40219.1
Project("{FAE04EC0-301F-11D3-BF4B-00C04F79EFBC}") = "EssentialTraining", "EssentialTraining\EssentialTraining.csproj", "{FB0365B5-0553-467D-9E52-B039CAB01ADA}"
EndProject
Project("{FAE04EC0-301F-11D3-BF4B-00C04F79EFBC}") = "EssentialTrainingTests", "EssentialTrainingTests\EssentialTrainingTests.csproj", "{F63E5375-82EB-4D94-8949-1C7DCCFCB6FF}"
EndProject
Global
	GlobalSection(SolutionConfigurationPlatforms) = preSolution
		Debug|Any CPU = Debug|Any CPU
		Release|Any CPU = Release|Any CPU
	EndGlobalSection
	GlobalSection(ProjectConfigurationPlatforms) = postSolution
		{FB0365B5-0553-467D-9E52-B039CAB01ADA}.Debug|Any CPU.ActiveCfg = Debug|Any CPU
		{FB0365B5-0553-467D-9E52-B039CAB01ADA}.Debug|Any CPU.Build.0 = Debug|Any CPU
		{FB0365B5-0553-467D-9E52-B039CAB01ADA}.Release|Any CPU.ActiveCfg = Release|Any CPU
		{FB0365B5-0553-467D-9E52-B039CAB01ADA}.Release|Any CPU.Build.0 = Release|Any CPU
		{F63E5375-82EB-4D94-8949-1C7DCCFCB6FF}.Debug|Any CPU.ActiveCfg = Debug|Any CPU
		{F63E5375-82EB-4D94-8949-1C7DCCFCB6FF}.Debug|Any CPU.Build.0 = Debug|Any CPU
		{F63E5375-82EB-4D94-8949-1C7DCCFCB6FF}.Release|Any CPU.ActiveCfg = Release|Any CPU
		{F63E5375-82EB-4D94-8949-1C7DCCFCB6FF}.Release|Any CPU.Build.0 = Release|Any CPU
	EndGlobalSection
	GlobalSection(SolutionProperties) = preSolution
		HideSolutionNode = FALSE
	EndGlobalSection
	GlobalSection(ExtensibilityGlobals) = postSolution
		SolutionGuid = {4DE285A8-5521-4271-A605-79EB28F5C0E4}
	EndGlobalSection
EndGlobal
